
Microsoft Visual Studio Solution File, Format Version 12.00
# Visual Studio Version 16
VisualStudioVersion = 16.0.31410.357
MinimumVisualStudioVersion = 10.0.40219.1
Project("{FAE04EC0-301F-11D3-BF4B-00C04F79EFBC}") = "FACE", "FACE.csproj", "{003938BC-63B1-4047-AEAF-0C0222729C82}"
EndProject
Global
	GlobalSection(SolutionConfigurationPlatforms) = preSolution
		Debug|Any CPU = Debug|Any CPU
		Release|Any CPU = Release|Any CPU
	EndGlobalSection
	GlobalSection(ProjectConfigurationPlatforms) = postSolution
		{003938BC-63B1-4047-AEAF-0C0222729C82}.Debug|Any CPU.ActiveCfg = Debug|Any CPU
		{003938BC-63B1-4047-AEAF-0C0222729C82}.Debug|Any CPU.Build.0 = Debug|Any CPU
		{003938BC-63B1-4047-AEAF-0C0222729C82}.Release|Any CPU.ActiveCfg = Release|Any CPU
		{003938BC-63B1-4047-AEAF-0C0222729C82}.Release|Any CPU.Build.0 = Release|Any CPU
	EndGlobalSection
	GlobalSection(SolutionProperties) = preSolution
		HideSolutionNode = FALSE
	EndGlobalSection
	GlobalSection(ExtensibilityGlobals) = postSolution
		SolutionGuid = {18702E92-388E-4F0F-ABC6-9B6056483011}
	EndGlobalSection
EndGlobal
